// !$*UTF8*$!
{
	archiveVersion = 1;
	classes = {
	};
	objectVersion = 50;
	objects = {

/* Begin PBXBuildFile section */
		472169F024F8F750008DFEAE /* AppDelegate.swift in Sources */ = {isa = PBXBuildFile; fileRef = 472169EF24F8F750008DFEAE /* AppDelegate.swift */; };
		472169F224F8F750008DFEAE /* SceneDelegate.swift in Sources */ = {isa = PBXBuildFile; fileRef = 472169F124F8F750008DFEAE /* SceneDelegate.swift */; };
		472169F424F8F750008DFEAE /* ViewController.swift in Sources */ = {isa = PBXBuildFile; fileRef = 472169F324F8F750008DFEAE /* ViewController.swift */; };
		472169F724F8F750008DFEAE /* Main.storyboard in Resources */ = {isa = PBXBuildFile; fileRef = 472169F524F8F750008DFEAE /* Main.storyboard */; };
		472169FB24F8F752008DFEAE /* Assets.xcassets in Resources */ = {isa = PBXBuildFile; fileRef = 472169FA24F8F752008DFEAE /* Assets.xcassets */; };
		472169FE24F8F752008DFEAE /* LaunchScreen.storyboard in Resources */ = {isa = PBXBuildFile; fileRef = 472169FC24F8F752008DFEAE /* LaunchScreen.storyboard */; };
		47216A0624F8F76C008DFEAE /* test.heic in Resources */ = {isa = PBXBuildFile; fileRef = 47216A0524F8F76C008DFEAE /* test.heic */; };
/* End PBXBuildFile section */

/* Begin PBXFileReference section */
		472169EC24F8F750008DFEAE /* TestImage.app */ = {isa = PBXFileReference; explicitFileType = wrapper.application; includeInIndex = 0; path = TestImage.app; sourceTree = BUILT_PRODUCTS_DIR; };
		472169EF24F8F750008DFEAE /* AppDelegate.swift */ = {isa = PBXFileReference; lastKnownFileType = sourcecode.swift; path = AppDelegate.swift; sourceTree = "<group>"; };
		472169F124F8F750008DFEAE /* SceneDelegate.swift */ = {isa = PBXFileReference; lastKnownFileType = sourcecode.swift; path = SceneDelegate.swift; sourceTree = "<group>"; };
		472169F324F8F750008DFEAE /* ViewController.swift */ = {isa = PBXFileReference; lastKnownFileType = sourcecode.swift; path = ViewController.swift; sourceTree = "<group>"; };
		472169F624F8F750008DFEAE /* Base */ = {isa = PBXFileReference; lastKnownFileType = file.storyboard; name = Base; path = Base.lproj/Main.storyboard; sourceTree = "<group>"; };
		472169FA24F8F752008DFEAE /* Assets.xcassets */ = {isa = PBXFileReference; lastKnownFileType = folder.assetcatalog; path = Assets.xcassets; sourceTree = "<group>"; };
		472169FD24F8F752008DFEAE /* Base */ = {isa = PBXFileReference; lastKnownFileType = file.storyboard; name = Base; path = Base.lproj/LaunchScreen.storyboard; sourceTree = "<group>"; };
		472169FF24F8F752008DFEAE /* Info.plist */ = {isa = PBXFileReference; lastKnownFileType = text.plist.xml; path = Info.plist; sourceTree = "<group>"; };
		47216A0524F8F76C008DFEAE /* test.heic */ = {isa = PBXFileReference; lastKnownFileType = file; path = test.heic; sourceTree = "<group>"; };
/* End PBXFileReference section */

/* Begin PBXFrameworksBuildPhase section */
		472169E924F8F750008DFEAE /* Frameworks */ = {
			isa = PBXFrameworksBuildPhase;
			buildActionMask = 2147483647;
			files = (
			);
			runOnlyForDeploymentPostprocessing = 0;
		};
/* End PBXFrameworksBuildPhase section */

/* Begin PBXGroup section */
		472169E324F8F750008DFEAE = {
			isa = PBXGroup;
			children = (
				472169EE24F8F750008DFEAE /* TestImage */,
				472169ED24F8F750008DFEAE /* Products */,
			);
			sourceTree = "<group>";
		};
		472169ED24F8F750008DFEAE /* Products */ = {
			isa = PBXGroup;
			children = (
				472169EC24F8F750008DFEAE /* TestImage.app */,
			);
			name = Products;
			sourceTree = "<group>";
		};
		472169EE24F8F750008DFEAE /* TestImage */ = {
			isa = PBXGroup;
			children = (
				47216A0524F8F76C008DFEAE /* test.heic */,
				472169EF24F8F750008DFEAE /* AppDelegate.swift */,
				472169F124F8F750008DFEAE /* SceneDelegate.swift */,
				472169F324F8F750008DFEAE /* ViewController.swift */,
				472169F524F8F750008DFEAE /* Main.storyboard */,
				472169FA24F8F752008DFEAE /* Assets.xcassets */,
				472169FC24F8F752008DFEAE /* LaunchScreen.storyboard */,
				472169FF24F8F752008DFEAE /* Info.plist */,
			);
			path = TestImage;
			sourceTree = "<group>";
		};
/* End PBXGroup section */

/* Begin PBXNativeTarget section */
		472169EB24F8F750008DFEAE /* TestImage */ = {
			isa = PBXNativeTarget;
			buildConfigurationList = 47216A0224F8F752008DFEAE /* Build configuration list for PBXNativeTarget "TestImage" */;
			buildPhases = (
				472169E824F8F750008DFEAE /* Sources */,
				472169E924F8F750008DFEAE /* Frameworks */,
				472169EA24F8F750008DFEAE /* Resources */,
			);
			buildRules = (
			);
			dependencies = (
			);
			name = TestImage;
			productName = TestImage;
			productReference = 472169EC24F8F750008DFEAE /* TestImage.app */;
			productType = "com.apple.product-type.application";
		};
/* End PBXNativeTarget section */

/* Begin PBXProject section */
		472169E424F8F750008DFEAE /* Project object */ = {
			isa = PBXProject;
			attributes = {
				LastSwiftUpdateCheck = 1200;
				LastUpgradeCheck = 1200;
				TargetAttributes = {
					472169EB24F8F750008DFEAE = {
						CreatedOnToolsVersion = 12.0;
					};
				};
			};
			buildConfigurationList = 472169E724F8F750008DFEAE /* Build configuration list for PBXProject "TestImage" */;
			compatibilityVersion = "Xcode 9.3";
			developmentRegion = en;
			hasScannedForEncodings = 0;
			knownRegions = (
				en,
				Base,
			);
			mainGroup = 472169E324F8F750008DFEAE;
			productRefGroup = 472169ED24F8F750008DFEAE /* Products */;
			projectDirPath = "";
			projectRoot = "";
			targets = (
				472169EB24F8F750008DFEAE /* TestImage */,
			);
		};
/* End PBXProject section */

/* Begin PBXResourcesBuildPhase section */
		472169EA24F8F750008DFEAE /* Resources */ = {
			isa = PBXResourcesBuildPhase;
			buildActionMask = 2147483647;
			files = (
				472169FE24F8F752008DFEAE /* LaunchScreen.storyboard in Resources */,
				472169FB24F8F752008DFEAE /* Assets.xcassets in Resources */,
				472169F724F8F750008DFEAE /* Main.storyboard in Resources */,
				47216A0624F8F76C008DFEAE /* test.heic in Resources */,
			);
			runOnlyForDeploymentPostprocessing = 0;
		};
/* End PBXResourcesBuildPhase section */

/* Begin PBXSourcesBuildPhase section */
		472169E824F8F750008DFEAE /* Sources */ = {
			isa = PBXSourcesBuildPhase;
			buildActionMask = 2147483647;
			files = (
				472169F424F8F750008DFEAE /* ViewController.swift in Sources */,
				472169F024F8F750008DFEAE /* AppDelegate.swift in Sources */,
				472169F224F8F750008DFEAE /* SceneDelegate.swift in Sources */,
			);
			runOnlyForDeploymentPostprocessing = 0;
		};
/* End PBXSourcesBuildPhase section */

/* Begin PBXVariantGroup section */
		472169F524F8F750008DFEAE /* Main.storyboard */ = {
			isa = PBXVariantGroup;
			children = (
				472169F624F8F750008DFEAE /* Base */,
			);
			name = Main.storyboard;
			sourceTree = "<group>";
		};
		472169FC24F8F752008DFEAE /* LaunchScreen.storyboard */ = {
			isa = PBXVariantGroup;
			children = (
				472169FD24F8F752008DFEAE /* Base */,
			);
			name = LaunchScreen.storyboard;
			sourceTree = "<group>";
		};
/* End PBXVariantGroup section */

/* Begin XCBuildConfiguration section */
		47216A0024F8F752008DFEAE /* Debug */ = {
			isa = XCBuildConfiguration;
			buildSettings = {
				ALWAYS_SEARCH_USER_PATHS = NO;
				CLANG_ANALYZER_NONNULL = YES;
				CLANG_ANALYZER_NUMBER_OBJECT_CONVERSION = YES_AGGRESSIVE;
				CLANG_CXX_LANGUAGE_STANDARD = "gnu++14";
				CLANG_CXX_LIBRARY = "libc++";
				CLANG_ENABLE_MODULES = YES;
				CLANG_ENABLE_OBJC_ARC = YES;
				CLANG_ENABLE_OBJC_WEAK = YES;
				CLANG_WARN_BLOCK_CAPTURE_AUTORELEASING = YES;
				CLANG_WARN_BOOL_CONVERSION = YES;
				CLANG_WARN_COMMA = YES;
				CLANG_WARN_CONSTANT_CONVERSION = YES;
				CLANG_WARN_DEPRECATED_OBJC_IMPLEMENTATIONS = YES;
				CLANG_WARN_DIRECT_OBJC_ISA_USAGE = YES_ERROR;
				CLANG_WARN_DOCUMENTATION_COMMENTS = YES;
				CLANG_WARN_EMPTY_BODY = YES;
				CLANG_WARN_ENUM_CONVERSION = YES;
				CLANG_WARN_INFINITE_RECURSION = YES;
				CLANG_WARN_INT_CONVERSION = YES;
				CLANG_WARN_NON_LITERAL_NULL_CONVERSION = YES;
				CLANG_WARN_OBJC_IMPLICIT_RETAIN_SELF = YES;
				CLANG_WARN_OBJC_LITERAL_CONVERSION = YES;
				CLANG_WARN_OBJC_ROOT_CLASS = YES_ERROR;
				CLANG_WARN_QUOTED_INCLUDE_IN_FRAMEWORK_HEADER = YES;
				CLANG_WARN_RANGE_LOOP_ANALYSIS = YES;
				CLANG_WARN_STRICT_PROTOTYPES = YES;
				CLANG_WARN_SUSPICIOUS_MOVE = YES;
				CLANG_WARN_UNGUARDED_AVAILABILITY = YES_AGGRESSIVE;
				CLANG_WARN_UNREACHABLE_CODE = YES;
				CLANG_WARN__DUPLICATE_METHOD_MATCH = YES;
				COPY_PHASE_STRIP = NO;
				DEBUG_INFORMATION_FORMAT = dwarf;
				ENABLE_STRICT_OBJC_MSGSEND = YES;
				ENABLE_TESTABILITY = YES;
				GCC_C_LANGUAGE_STANDARD = gnu11;
				GCC_DYNAMIC_NO_PIC = NO;
				GCC_NO_COMMON_BLOCKS = YES;
				GCC_OPTIMIZATION_LEVEL = 0;
				GCC_PREPROCESSOR_DEFINITIONS = (
					"DEBUG=1",
					"$(inherited)",
				);
				GCC_WARN_64_TO_32_BIT_CONVERSION = YES;
				GCC_WARN_ABOUT_RETURN_TYPE = YES_ERROR;
				GCC_WARN_UNDECLARED_SELECTOR = YES;
				GCC_WARN_UNINITIALIZED_AUTOS = YES_AGGRESSIVE;
				GCC_WARN_UNUSED_FUNCTION = YES;
				GCC_WARN_UNUSED_VARIABLE = YES;
				IPHONEOS_DEPLOYMENT_TARGET = 14.0;
				MTL_ENABLE_DEBUG_INFO = INCLUDE_SOURCE;
				MTL_FAST_MATH = YES;
				ONLY_ACTIVE_ARCH = YES;
				SDKROOT = iphoneos;
				SWIFT_ACTIVE_COMPILATION_CONDITIONS = DEBUG;
				SWIFT_OPTIMIZATION_LEVEL = "-Onone";
			};
			name = Debug;
		};
		47216A0124F8F752008DFEAE /* Release */ = {
			isa = XCBuildConfiguration;
			buildSettings = {
				ALWAYS_SEARCH_USER_PATHS = NO;
				CLANG_ANALYZER_NONNULL = YES;
				CLANG_ANALYZER_NUMBER_OBJECT_CONVERSION = YES_AGGRESSIVE;
				CLANG_CXX_LANGUAGE_STANDARD = "gnu++14";
				CLANG_CXX_LIBRARY = "libc++";
				CLANG_ENABLE_MODULES = YES;
				CLANG_ENABLE_OBJC_ARC = YES;
				CLANG_ENABLE_OBJC_WEAK = YES;
				CLANG_WARN_BLOCK_CAPTURE_AUTORELEASING = YES;
				CLANG_WARN_BOOL_CONVERSION = YES;
				CLANG_WARN_COMMA = YES;
				CLANG_WARN_CONSTANT_CONVERSION = YES;
				CLANG_WARN_DEPRECATED_OBJC_IMPLEMENTATIONS = YES;
				CLANG_WARN_DIRECT_OBJC_ISA_USAGE = YES_ERROR;
				CLANG_WARN_DOCUMENTATION_COMMENTS = YES;
				CLANG_WARN_EMPTY_BODY = YES;
				CLANG_WARN_ENUM_CONVERSION = YES;
				CLANG_WARN_INFINITE_RECURSION = YES;
				CLANG_WARN_INT_CONVERSION = YES;
				CLANG_WARN_NON_LITERAL_NULL_CONVERSION = YES;
				CLANG_WARN_OBJC_IMPLICIT_RETAIN_SELF = YES;
				CLANG_WARN_OBJC_LITERAL_CONVERSION = YES;
				CLANG_WARN_OBJC_ROOT_CLASS = YES_ERROR;
				CLANG_WARN_QUOTED_INCLUDE_IN_FRAMEWORK_HEADER = YES;
				CLANG_WARN_RANGE_LOOP_ANALYSIS = YES;
				CLANG_WARN_STRICT_PROTOTYPES = YES;
				CLANG_WARN_SUSPICIOUS_MOVE = YES;
				CLANG_WARN_UNGUARDED_AVAILABILITY = YES_AGGRESSIVE;
				CLANG_WARN_UNREACHABLE_CODE = YES;
				CLANG_WARN__DUPLICATE_METHOD_MATCH = YES;
				COPY_PHASE_STRIP = NO;
				DEBUG_INFORMATION_FORMAT = "dwarf-with-dsym";
				ENABLE_NS_ASSERTIONS = NO;
				ENABLE_STRICT_OBJC_MSGSEND = YES;
				GCC_C_LANGUAGE_STANDARD = gnu11;
				GCC_NO_COMMON_BLOCKS = YES;
				GCC_WARN_64_TO_32_BIT_CONVERSION = YES;
				GCC_WARN_ABOUT_RETURN_TYPE = YES_ERROR;
				GCC_WARN_UNDECLARED_SELECTOR = YES;
				GCC_WARN_UNINITIALIZED_AUTOS = YES_AGGRESSIVE;
				GCC_WARN_UNUSED_FUNCTION = YES;
				GCC_WARN_UNUSED_VARIABLE = YES;
				IPHONEOS_DEPLOYMENT_TARGET = 14.0;
				MTL_ENABLE_DEBUG_INFO = NO;
				MTL_FAST_MATH = YES;
				SDKROOT = iphoneos;
				SWIFT_COMPILATION_MODE = wholemodule;
				SWIFT_OPTIMIZATION_LEVEL = "-O";
				VALIDATE_PRODUCT = YES;
			};
			name = Release;
		};
		47216A0324F8F752008DFEAE /* Debug */ = {
			isa = XCBuildConfiguration;
			buildSettings = {
				ASSETCATALOG_COMPILER_APPICON_NAME = AppIcon;
				ASSETCATALOG_COMPILER_GLOBAL_ACCENT_COLOR_NAME = AccentColor;
				CODE_SIGN_STYLE = Automatic;
				DEVELOPMENT_TEAM = Z9EB9XJ383;
				INFOPLIST_FILE = TestImage/Info.plist;
				LD_RUNPATH_SEARCH_PATHS = (
					"$(inherited)",
					"@executable_path/Frameworks",
				);
				PRODUCT_BUNDLE_IDENTIFIER = com.junjielu.TestImage;
				PRODUCT_NAME = "$(TARGET_NAME)";
				SWIFT_VERSION = 5.0;
				TARGETED_DEVICE_FAMILY = "1,2";
			};
			name = Debug;
		};
		47216A0424F8F752008DFEAE /* Release */ = {
			isa = XCBuildConfiguration;
			buildSettings = {
				ASSETCATALOG_COMPILER_APPICON_NAME = AppIcon;
				ASSETCATALOG_COMPILER_GLOBAL_ACCENT_COLOR_NAME = AccentColor;
				CODE_SIGN_STYLE = Automatic;
				DEVELOPMENT_TEAM = Z9EB9XJ383;
				INFOPLIST_FILE = TestImage/Info.plist;
				LD_RUNPATH_SEARCH_PATHS = (
					"$(inherited)",
					"@executable_path/Frameworks",
				);
				PRODUCT_BUNDLE_IDENTIFIER = com.junjielu.TestImage;
				PRODUCT_NAME = "$(TARGET_NAME)";
				SWIFT_VERSION = 5.0;
				TARGETED_DEVICE_FAMILY = "1,2";
			};
			name = Release;
		};
/* End XCBuildConfiguration section */

/* Begin XCConfigurationList section */
		472169E724F8F750008DFEAE /* Build configuration list for PBXProject "TestImage" */ = {
			isa = XCConfigurationList;
			buildConfigurations = (
				47216A0024F8F752008DFEAE /* Debug */,
				47216A0124F8F752008DFEAE /* Release */,
			);
			defaultConfigurationIsVisible = 0;
			defaultConfigurationName = Release;
		};
		47216A0224F8F752008DFEAE /* Build configuration list for PBXNativeTarget "TestImage" */ = {
			isa = XCConfigurationList;
			buildConfigurations = (
				47216A0324F8F752008DFEAE /* Debug */,
				47216A0424F8F752008DFEAE /* Release */,
			);
			defaultConfigurationIsVisible = 0;
			defaultConfigurationName = Release;
		};
/* End XCConfigurationList section */
	};
	rootObject = 472169E424F8F750008DFEAE /* Project object */;
}
